PODS:
  - boost (1.76.0)
  - CocoaAsyncSocket (7.6.5)
  - DoubleConversion (1.1.6)
  - FBLazyVector (0.70.4)
  - FBReactNativeSpec (0.70.4):
    - RCT-Folly (= 2021.07.22.00)
    - RCTRequired (= 0.70.4)
    - RCTTypeSafety (= 0.70.4)
    - React-Core (= 0.70.4)
    - React-jsi (= 0.70.4)
    - ReactCommon/turbomodule/core (= 0.70.4)
  - Flipper (0.125.0):
    - Flipper-Folly (~> 2.6)
    - Flipper-RSocket (~> 1.4)
  - Flipper-Boost-iOSX (1.76.0.1.11)
  - Flipper-DoubleConversion (3.2.0.1)
  - Flipper-Fmt (7.1.7)
  - Flipper-Folly (2.6.10):
    - Flipper-Boost-iOSX
    - Flipper-DoubleConversion
    - Flipper-Fmt (= 7.1.7)
    - Flipper-Glog
    - libevent (~> 2.1.12)
    - OpenSSL-Universal (= 1.1.1100)
  - Flipper-Glog (0.5.0.5)
  - Flipper-PeerTalk (0.0.4)
  - Flipper-RSocket (1.4.3):
    - Flipper-Folly (~> 2.6)
  - FlipperKit (0.125.0):
    - FlipperKit/Core (= 0.125.0)
  - FlipperKit/Core (0.125.0):
    - Flipper (~> 0.125.0)
    - FlipperKit/CppBridge
    - FlipperKit/FBCxxFollyDynamicConvert
    - FlipperKit/FBDefines
    - FlipperKit/FKPortForwarding
    - SocketRocket (~> 0.6.0)
  - FlipperKit/CppBridge (0.125.0):
    - Flipper (~> 0.125.0)
  - FlipperKit/FBCxxFollyDynamicConvert (0.125.0):
    - Flipper-Folly (~> 2.6)
  - FlipperKit/FBDefines (0.125.0)
  - FlipperKit/FKPortForwarding (0.125.0):
    - CocoaAsyncSocket (~> 7.6)
    - Flipper-PeerTalk (~> 0.0.4)
  - FlipperKit/FlipperKitHighlightOverlay (0.125.0)
  - FlipperKit/FlipperKitLayoutHelpers (0.125.0):
    - FlipperKit/Core
    - FlipperKit/FlipperKitHighlightOverlay
    - FlipperKit/FlipperKitLayoutTextSearchable
  - FlipperKit/FlipperKitLayoutIOSDescriptors (0.125.0):
    - FlipperKit/Core
    - FlipperKit/FlipperKitHighlightOverlay
    - FlipperKit/FlipperKitLayoutHelpers
    - YogaKit (~> 1.18)
  - FlipperKit/FlipperKitLayoutPlugin (0.125.0):
    - FlipperKit/Core
    - FlipperKit/FlipperKitHighlightOverlay
    - FlipperKit/FlipperKitLayoutHelpers
    - FlipperKit/FlipperKitLayoutIOSDescriptors
    - FlipperKit/FlipperKitLayoutTextSearchable
    - YogaKit (~> 1.18)
  - FlipperKit/FlipperKitLayoutTextSearchable (0.125.0)
  - FlipperKit/FlipperKitNetworkPlugin (0.125.0):
    - FlipperKit/Core
  - FlipperKit/FlipperKitReactPlugin (0.125.0):
    - FlipperKit/Core
  - FlipperKit/FlipperKitUserDefaultsPlugin (0.125.0):
    - FlipperKit/Core
  - FlipperKit/SKIOSNetworkPlugin (0.125.0):
    - FlipperKit/Core
    - FlipperKit/FlipperKitNetworkPlugin
  - fmt (6.2.1)
  - glog (0.3.5)
  - GoogleDataTransport (9.2.0):
    - GoogleUtilities/Environment (~> 7.7)
    - nanopb (< 2.30910.0, >= 2.30908.0)
    - PromisesObjC (< 3.0, >= 1.2)
  - GoogleMLKit/ImageLabeling (2.2.0):
    - GoogleMLKit/MLKitCore
    - MLKitImageLabeling (~> 1.3.0)
  - GoogleMLKit/MLKitCore (2.2.0):
    - MLKitCommon (~> 3.0.0)
  - GoogleMLKit/TextRecognition (2.2.0):
    - GoogleMLKit/MLKitCore
    - MLKitTextRecognition (~> 1.3.0)
  - GoogleToolboxForMac/DebugUtils (2.3.2):
    - GoogleToolboxForMac/Defines (= 2.3.2)
  - GoogleToolboxForMac/Defines (2.3.2)
  - GoogleToolboxForMac/Logger (2.3.2):
    - GoogleToolboxForMac/Defines (= 2.3.2)
  - "GoogleToolboxForMac/NSData+zlib (2.3.2)":
    - GoogleToolboxForMac/Defines (= 2.3.2)
  - "GoogleToolboxForMac/NSDictionary+URLArguments (2.3.2)":
    - GoogleToolboxForMac/DebugUtils (= 2.3.2)
    - GoogleToolboxForMac/Defines (= 2.3.2)
    - "GoogleToolboxForMac/NSString+URLArguments (= 2.3.2)"
  - "GoogleToolboxForMac/NSString+URLArguments (2.3.2)"
  - GoogleUtilities/Environment (7.8.0):
    - PromisesObjC (< 3.0, >= 1.2)
  - GoogleUtilities/Logger (7.8.0):
    - GoogleUtilities/Environment
  - GoogleUtilities/UserDefaults (7.8.0):
    - GoogleUtilities/Logger
  - GoogleUtilitiesComponents (1.1.0):
    - GoogleUtilities/Logger
  - GTMSessionFetcher/Core (1.7.2)
  - libevent (2.1.12)
  - MLImage (1.0.0-beta1)
  - MLKitCommon (3.0.0):
    - GoogleDataTransport (~> 9.0)
    - GoogleToolboxForMac/Logger (~> 2.1)
    - "GoogleToolboxForMac/NSData+zlib (~> 2.1)"
    - "GoogleToolboxForMac/NSDictionary+URLArguments (~> 2.1)"
    - GoogleUtilities/UserDefaults (~> 7.0)
    - GoogleUtilitiesComponents (~> 1.0)
    - GTMSessionFetcher/Core (~> 1.1)
    - Protobuf (~> 3.12)
  - MLKitImageLabeling (1.3.0):
    - MLKitCommon (~> 3.0)
    - MLKitImageLabelingCommon (~> 1.3)
    - MLKitVision (~> 1.3)
    - MLKitVisionKit (~> 2.2)
  - MLKitImageLabelingCommon (1.3.0):
    - MLKitCommon (~> 3.0)
    - MLKitVision (~> 1.3)
  - MLKitObjectDetectionCommon (1.3.0):
    - MLKitCommon (~> 3.0)
    - MLKitVision (~> 1.3)
  - MLKitTextRecognition (1.3.0):
    - MLKitCommon (~> 3.0)
    - MLKitVision (~> 1.3)
  - MLKitVision (1.3.0):
    - GoogleToolboxForMac/Logger (~> 2.1)
    - "GoogleToolboxForMac/NSData+zlib (~> 2.1)"
    - GTMSessionFetcher/Core (~> 1.1)
    - MLImage (= 1.0.0-beta1)
    - MLKitCommon (~> 3.0)
    - Protobuf (~> 3.12)
  - MLKitVisionKit (2.2.0):
    - MLKitCommon (~> 3.0)
    - MLKitImageLabelingCommon (~> 1.3)
    - MLKitObjectDetectionCommon (~> 1.3)
    - MLKitVision (~> 1.3)
  - nanopb (2.30909.0):
    - nanopb/decode (= 2.30909.0)
    - nanopb/encode (= 2.30909.0)
  - nanopb/decode (2.30909.0)
  - nanopb/encode (2.30909.0)
  - OpenSSL-Universal (1.1.1100)
  - PromisesObjC (2.1.1)
  - Protobuf (3.21.9)
  - RCT-Folly (2021.07.22.00):
    - boost
    - DoubleConversion
    - fmt (~> 6.2.1)
    - glog
    - RCT-Folly/Default (= 2021.07.22.00)
  - RCT-Folly/Default (2021.07.22.00):
    - boost
    - DoubleConversion
    - fmt (~> 6.2.1)
    - glog
  - RCTRequired (0.70.4)
  - RCTTypeSafety (0.70.4):
    - FBLazyVector (= 0.70.4)
    - RCTRequired (= 0.70.4)
    - React-Core (= 0.70.4)
  - React (0.70.4):
    - React-Core (= 0.70.4)
    - React-Core/DevSupport (= 0.70.4)
    - React-Core/RCTWebSocket (= 0.70.4)
    - React-RCTActionSheet (= 0.70.4)
    - React-RCTAnimation (= 0.70.4)
    - React-RCTBlob (= 0.70.4)
    - React-RCTImage (= 0.70.4)
    - React-RCTLinking (= 0.70.4)
    - React-RCTNetwork (= 0.70.4)
    - React-RCTSettings (= 0.70.4)
    - React-RCTText (= 0.70.4)
    - React-RCTVibration (= 0.70.4)
  - React-bridging (0.70.4):
    - RCT-Folly (= 2021.07.22.00)
    - React-jsi (= 0.70.4)
  - React-callinvoker (0.70.4)
  - React-Codegen (0.70.4):
    - FBReactNativeSpec (= 0.70.4)
    - RCT-Folly (= 2021.07.22.00)
    - RCTRequired (= 0.70.4)
    - RCTTypeSafety (= 0.70.4)
    - React-Core (= 0.70.4)
    - React-jsi (= 0.70.4)
    - React-jsiexecutor (= 0.70.4)
    - ReactCommon/turbomodule/core (= 0.70.4)
  - React-Core (0.70.4):
    - glog
    - RCT-Folly (= 2021.07.22.00)
    - React-Core/Default (= 0.70.4)
    - React-cxxreact (= 0.70.4)
    - React-jsi (= 0.70.4)
    - React-jsiexecutor (= 0.70.4)
    - React-perflogger (= 0.70.4)
    - Yoga
  - React-Core/CoreModulesHeaders (0.70.4):
    - glog
    - RCT-Folly (= 2021.07.22.00)
    - React-Core/Default
    - React-cxxreact (= 0.70.4)
    - React-jsi (= 0.70.4)
    - React-jsiexecutor (= 0.70.4)
    - React-perflogger (= 0.70.4)
    - Yoga
  - React-Core/Default (0.70.4):
    - glog
    - RCT-Folly (= 2021.07.22.00)
    - React-cxxreact (= 0.70.4)
    - React-jsi (= 0.70.4)
    - React-jsiexecutor (= 0.70.4)
    - React-perflogger (= 0.70.4)
    - Yoga
  - React-Core/DevSupport (0.70.4):
    - glog
    - RCT-Folly (= 2021.07.22.00)
    - React-Core/Default (= 0.70.4)
    - React-Core/RCTWebSocket (= 0.70.4)
    - React-cxxreact (= 0.70.4)
    - React-jsi (= 0.70.4)
    - React-jsiexecutor (= 0.70.4)
    - React-jsinspector (= 0.70.4)
    - React-perflogger (= 0.70.4)
    - Yoga
  - React-Core/RCTActionSheetHeaders (0.70.4):
    - glog
    - RCT-Folly (= 2021.07.22.00)
    - React-Core/Default
    - React-cxxreact (= 0.70.4)
    - React-jsi (= 0.70.4)
    - React-jsiexecutor (= 0.70.4)
    - React-perflogger (= 0.70.4)
    - Yoga
  - React-Core/RCTAnimationHeaders (0.70.4):
    - glog
    - RCT-Folly (= 2021.07.22.00)
    - React-Core/Default
    - React-cxxreact (= 0.70.4)
    - React-jsi (= 0.70.4)
    - React-jsiexecutor (= 0.70.4)
    - React-perflogger (= 0.70.4)
    - Yoga
  - React-Core/RCTBlobHeaders (0.70.4):
    - glog
    - RCT-Folly (= 2021.07.22.00)
    - React-Core/Default
    - React-cxxreact (= 0.70.4)
    - React-jsi (= 0.70.4)
    - React-jsiexecutor (= 0.70.4)
    - React-perflogger (= 0.70.4)
    - Yoga
  - React-Core/RCTImageHeaders (0.70.4):
    - glog
    - RCT-Folly (= 2021.07.22.00)
    - React-Core/Default
    - React-cxxreact (= 0.70.4)
    - React-jsi (= 0.70.4)
    - React-jsiexecutor (= 0.70.4)
    - React-perflogger (= 0.70.4)
    - Yoga
  - React-Core/RCTLinkingHeaders (0.70.4):
    - glog
    - RCT-Folly (= 2021.07.22.00)
    - React-Core/Default
    - React-cxxreact (= 0.70.4)
    - React-jsi (= 0.70.4)
    - React-jsiexecutor (= 0.70.4)
    - React-perflogger (= 0.70.4)
    - Yoga
  - React-Core/RCTNetworkHeaders (0.70.4):
    - glog
    - RCT-Folly (= 2021.07.22.00)
    - React-Core/Default
    - React-cxxreact (= 0.70.4)
    - React-jsi (= 0.70.4)
    - React-jsiexecutor (= 0.70.4)
    - React-perflogger (= 0.70.4)
    - Yoga
  - React-Core/RCTSettingsHeaders (0.70.4):
    - glog
    - RCT-Folly (= 2021.07.22.00)
    - React-Core/Default
    - React-cxxreact (= 0.70.4)
    - React-jsi (= 0.70.4)
    - React-jsiexecutor (= 0.70.4)
    - React-perflogger (= 0.70.4)
    - Yoga
  - React-Core/RCTTextHeaders (0.70.4):
    - glog
    - RCT-Folly (= 2021.07.22.00)
    - React-Core/Default
    - React-cxxreact (= 0.70.4)
    - React-jsi (= 0.70.4)
    - React-jsiexecutor (= 0.70.4)
    - React-perflogger (= 0.70.4)
    - Yoga
  - React-Core/RCTVibrationHeaders (0.70.4):
    - glog
    - RCT-Folly (= 2021.07.22.00)
    - React-Core/Default
    - React-cxxreact (= 0.70.4)
    - React-jsi (= 0.70.4)
    - React-jsiexecutor (= 0.70.4)
    - React-perflogger (= 0.70.4)
    - Yoga
  - React-Core/RCTWebSocket (0.70.4):
    - glog
    - RCT-Folly (= 2021.07.22.00)
    - React-Core/Default (= 0.70.4)
    - React-cxxreact (= 0.70.4)
    - React-jsi (= 0.70.4)
    - React-jsiexecutor (= 0.70.4)
    - React-perflogger (= 0.70.4)
    - Yoga
  - React-CoreModules (0.70.4):
    - RCT-Folly (= 2021.07.22.00)
    - RCTTypeSafety (= 0.70.4)
    - React-Codegen (= 0.70.4)
    - React-Core/CoreModulesHeaders (= 0.70.4)
    - React-jsi (= 0.70.4)
    - React-RCTImage (= 0.70.4)
    - ReactCommon/turbomodule/core (= 0.70.4)
  - React-cxxreact (0.70.4):
    - boost (= 1.76.0)
    - DoubleConversion
    - glog
    - RCT-Folly (= 2021.07.22.00)
    - React-callinvoker (= 0.70.4)
    - React-jsi (= 0.70.4)
    - React-jsinspector (= 0.70.4)
    - React-logger (= 0.70.4)
    - React-perflogger (= 0.70.4)
    - React-runtimeexecutor (= 0.70.4)
  - React-jsi (0.70.4):
    - boost (= 1.76.0)
    - DoubleConversion
    - glog
    - RCT-Folly (= 2021.07.22.00)
    - React-jsi/Default (= 0.70.4)
  - React-jsi/Default (0.70.4):
    - boost (= 1.76.0)
    - DoubleConversion
    - glog
    - RCT-Folly (= 2021.07.22.00)
  - React-jsiexecutor (0.70.4):
    - DoubleConversion
    - glog
    - RCT-Folly (= 2021.07.22.00)
    - React-cxxreact (= 0.70.4)
    - React-jsi (= 0.70.4)
    - React-perflogger (= 0.70.4)
  - React-jsinspector (0.70.4)
  - React-logger (0.70.4):
    - glog
  - react-native-blur (4.2.0):
    - React-Core
  - react-native-safe-area-context (4.4.1):
    - RCT-Folly
    - RCTRequired
    - RCTTypeSafety
    - React-Core
    - ReactCommon/turbomodule/core
  - React-perflogger (0.70.4)
  - React-RCTActionSheet (0.70.4):
    - React-Core/RCTActionSheetHeaders (= 0.70.4)
  - React-RCTAnimation (0.70.4):
    - RCT-Folly (= 2021.07.22.00)
    - RCTTypeSafety (= 0.70.4)
    - React-Codegen (= 0.70.4)
    - React-Core/RCTAnimationHeaders (= 0.70.4)
    - React-jsi (= 0.70.4)
    - ReactCommon/turbomodule/core (= 0.70.4)
  - React-RCTBlob (0.70.4):
    - RCT-Folly (= 2021.07.22.00)
    - React-Codegen (= 0.70.4)
    - React-Core/RCTBlobHeaders (= 0.70.4)
    - React-Core/RCTWebSocket (= 0.70.4)
    - React-jsi (= 0.70.4)
    - React-RCTNetwork (= 0.70.4)
    - ReactCommon/turbomodule/core (= 0.70.4)
  - React-RCTImage (0.70.4):
    - RCT-Folly (= 2021.07.22.00)
    - RCTTypeSafety (= 0.70.4)
    - React-Codegen (= 0.70.4)
    - React-Core/RCTImageHeaders (= 0.70.4)
    - React-jsi (= 0.70.4)
    - React-RCTNetwork (= 0.70.4)
    - ReactCommon/turbomodule/core (= 0.70.4)
  - React-RCTLinking (0.70.4):
    - React-Codegen (= 0.70.4)
    - React-Core/RCTLinkingHeaders (= 0.70.4)
    - React-jsi (= 0.70.4)
    - ReactCommon/turbomodule/core (= 0.70.4)
  - React-RCTNetwork (0.70.4):
    - RCT-Folly (= 2021.07.22.00)
    - RCTTypeSafety (= 0.70.4)
    - React-Codegen (= 0.70.4)
    - React-Core/RCTNetworkHeaders (= 0.70.4)
    - React-jsi (= 0.70.4)
    - ReactCommon/turbomodule/core (= 0.70.4)
  - React-RCTSettings (0.70.4):
    - RCT-Folly (= 2021.07.22.00)
    - RCTTypeSafety (= 0.70.4)
    - React-Codegen (= 0.70.4)
    - React-Core/RCTSettingsHeaders (= 0.70.4)
    - React-jsi (= 0.70.4)
    - ReactCommon/turbomodule/core (= 0.70.4)
  - React-RCTText (0.70.4):
    - React-Core/RCTTextHeaders (= 0.70.4)
  - React-RCTVibration (0.70.4):
    - RCT-Folly (= 2021.07.22.00)
    - React-Codegen (= 0.70.4)
    - React-Core/RCTVibrationHeaders (= 0.70.4)
    - React-jsi (= 0.70.4)
    - ReactCommon/turbomodule/core (= 0.70.4)
  - React-runtimeexecutor (0.70.4):
    - React-jsi (= 0.70.4)
  - ReactCommon/turbomodule/core (0.70.4):
    - DoubleConversion
    - glog
    - RCT-Folly (= 2021.07.22.00)
    - React-bridging (= 0.70.4)
    - React-callinvoker (= 0.70.4)
    - React-Core (= 0.70.4)
    - React-cxxreact (= 0.70.4)
    - React-jsi (= 0.70.4)
    - React-logger (= 0.70.4)
    - React-perflogger (= 0.70.4)
  - RNCMaskedView (0.2.8):
    - React-Core
  - RNGestureHandler (2.8.0):
    - React-Core
  - RNReanimated (2.12.0):
    - DoubleConversion
    - FBLazyVector
    - FBReactNativeSpec
    - glog
    - RCT-Folly
    - RCTRequired
    - RCTTypeSafety
    - React-callinvoker
    - React-Core
    - React-Core/DevSupport
    - React-Core/RCTWebSocket
    - React-CoreModules
    - React-cxxreact
    - React-jsi
    - React-jsiexecutor
    - React-jsinspector
    - React-RCTActionSheet
    - React-RCTAnimation
    - React-RCTBlob
    - React-RCTImage
    - React-RCTLinking
    - React-RCTNetwork
    - React-RCTSettings
    - React-RCTText
    - ReactCommon/turbomodule/core
    - Yoga
  - RNScreens (3.18.2):
    - React-Core
    - React-RCTImage
  - RNStaticSafeAreaInsets (2.2.0):
    - React-Core
  - SocketRocket (0.6.0)
  - vision-camera-image-labeler (0.1.6):
    - GoogleMLKit/ImageLabeling
    - React-Core
  - vision-camera-ocr (1.0.0):
    - GoogleMLKit/TextRecognition (= 2.2.0)
    - React-Core
  - VisionCamera (2.15.2):
    - React
    - React-callinvoker
    - React-Core
  - Yoga (1.14.0)
  - YogaKit (1.18.1):
    - Yoga (~> 1.14)

DEPENDENCIES:
  - boost (from `../node_modules/react-native/third-party-podspecs/boost.podspec`)
  - DoubleConversion (from `../node_modules/react-native/third-party-podspecs/DoubleConversion.podspec`)
  - FBLazyVector (from `../node_modules/react-native/Libraries/FBLazyVector`)
  - FBReactNativeSpec (from `../node_modules/react-native/React/FBReactNativeSpec`)
  - Flipper (= 0.125.0)
  - Flipper-Boost-iOSX (= 1.76.0.1.11)
  - Flipper-DoubleConversion (= 3.2.0.1)
  - Flipper-Fmt (= 7.1.7)
  - Flipper-Folly (= 2.6.10)
  - Flipper-Glog (= 0.5.0.5)
  - Flipper-PeerTalk (= 0.0.4)
  - Flipper-RSocket (= 1.4.3)
  - FlipperKit (= 0.125.0)
  - FlipperKit/Core (= 0.125.0)
  - FlipperKit/CppBridge (= 0.125.0)
  - FlipperKit/FBCxxFollyDynamicConvert (= 0.125.0)
  - FlipperKit/FBDefines (= 0.125.0)
  - FlipperKit/FKPortForwarding (= 0.125.0)
  - FlipperKit/FlipperKitHighlightOverlay (= 0.125.0)
  - FlipperKit/FlipperKitLayoutPlugin (= 0.125.0)
  - FlipperKit/FlipperKitLayoutTextSearchable (= 0.125.0)
  - FlipperKit/FlipperKitNetworkPlugin (= 0.125.0)
  - FlipperKit/FlipperKitReactPlugin (= 0.125.0)
  - FlipperKit/FlipperKitUserDefaultsPlugin (= 0.125.0)
  - FlipperKit/SKIOSNetworkPlugin (= 0.125.0)
  - glog (from `../node_modules/react-native/third-party-podspecs/glog.podspec`)
  - OpenSSL-Universal (= 1.1.1100)
  - RCT-Folly (from `../node_modules/react-native/third-party-podspecs/RCT-Folly.podspec`)
  - RCTRequired (from `../node_modules/react-native/Libraries/RCTRequired`)
  - RCTTypeSafety (from `../node_modules/react-native/Libraries/TypeSafety`)
  - React (from `../node_modules/react-native/`)
  - React-bridging (from `../node_modules/react-native/ReactCommon`)
  - React-callinvoker (from `../node_modules/react-native/ReactCommon/callinvoker`)
  - React-Codegen (from `build/generated/ios`)
  - React-Core (from `../node_modules/react-native/`)
  - React-Core/DevSupport (from `../node_modules/react-native/`)
  - React-Core/RCTWebSocket (from `../node_modules/react-native/`)
  - React-CoreModules (from `../node_modules/react-native/React/CoreModules`)
  - React-cxxreact (from `../node_modules/react-native/ReactCommon/cxxreact`)
  - React-jsi (from `../node_modules/react-native/ReactCommon/jsi`)
  - React-jsiexecutor (from `../node_modules/react-native/ReactCommon/jsiexecutor`)
  - React-jsinspector (from `../node_modules/react-native/ReactCommon/jsinspector`)
  - React-logger (from `../node_modules/react-native/ReactCommon/logger`)
  - "react-native-blur (from `../node_modules/@react-native-community/blur`)"
  - react-native-safe-area-context (from `../node_modules/react-native-safe-area-context`)
  - React-perflogger (from `../node_modules/react-native/ReactCommon/reactperflogger`)
  - React-RCTActionSheet (from `../node_modules/react-native/Libraries/ActionSheetIOS`)
  - React-RCTAnimation (from `../node_modules/react-native/Libraries/NativeAnimation`)
  - React-RCTBlob (from `../node_modules/react-native/Libraries/Blob`)
  - React-RCTImage (from `../node_modules/react-native/Libraries/Image`)
  - React-RCTLinking (from `../node_modules/react-native/Libraries/LinkingIOS`)
  - React-RCTNetwork (from `../node_modules/react-native/Libraries/Network`)
  - React-RCTSettings (from `../node_modules/react-native/Libraries/Settings`)
  - React-RCTText (from `../node_modules/react-native/Libraries/Text`)
  - React-RCTVibration (from `../node_modules/react-native/Libraries/Vibration`)
  - React-runtimeexecutor (from `../node_modules/react-native/ReactCommon/runtimeexecutor`)
  - ReactCommon/turbomodule/core (from `../node_modules/react-native/ReactCommon`)
  - "RNCMaskedView (from `../node_modules/@react-native-masked-view/masked-view`)"
  - RNGestureHandler (from `../node_modules/react-native-gesture-handler`)
  - RNReanimated (from `../node_modules/react-native-reanimated`)
  - RNScreens (from `../node_modules/react-native-screens`)
  - RNStaticSafeAreaInsets (from `../node_modules/react-native-static-safe-area-insets`)
  - vision-camera-image-labeler (from `../node_modules/vision-camera-image-labeler`)
  - vision-camera-ocr (from `../node_modules/vision-camera-ocr`)
  - VisionCamera (from `../node_modules/react-native-vision-camera`)
  - Yoga (from `../node_modules/react-native/ReactCommon/yoga`)

SPEC REPOS:
  trunk:
    - CocoaAsyncSocket
    - Flipper
    - Flipper-Boost-iOSX
    - Flipper-DoubleConversion
    - Flipper-Fmt
    - Flipper-Folly
    - Flipper-Glog
    - Flipper-PeerTalk
    - Flipper-RSocket
    - FlipperKit
    - fmt
    - GoogleDataTransport
    - GoogleMLKit
    - GoogleToolboxForMac
    - GoogleUtilities
    - GoogleUtilitiesComponents
    - GTMSessionFetcher
    - libevent
    - MLImage
    - MLKitCommon
    - MLKitImageLabeling
    - MLKitImageLabelingCommon
    - MLKitObjectDetectionCommon
    - MLKitTextRecognition
    - MLKitVision
    - MLKitVisionKit
    - nanopb
    - OpenSSL-Universal
    - PromisesObjC
    - Protobuf
    - SocketRocket
    - YogaKit

EXTERNAL SOURCES:
  boost:
    :podspec: "../node_modules/react-native/third-party-podspecs/boost.podspec"
  DoubleConversion:
    :podspec: "../node_modules/react-native/third-party-podspecs/DoubleConversion.podspec"
  FBLazyVector:
    :path: "../node_modules/react-native/Libraries/FBLazyVector"
  FBReactNativeSpec:
    :path: "../node_modules/react-native/React/FBReactNativeSpec"
  glog:
    :podspec: "../node_modules/react-native/third-party-podspecs/glog.podspec"
  RCT-Folly:
    :podspec: "../node_modules/react-native/third-party-podspecs/RCT-Folly.podspec"
  RCTRequired:
    :path: "../node_modules/react-native/Libraries/RCTRequired"
  RCTTypeSafety:
    :path: "../node_modules/react-native/Libraries/TypeSafety"
  React:
    :path: "../node_modules/react-native/"
  React-bridging:
    :path: "../node_modules/react-native/ReactCommon"
  React-callinvoker:
    :path: "../node_modules/react-native/ReactCommon/callinvoker"
  React-Codegen:
    :path: build/generated/ios
  React-Core:
    :path: "../node_modules/react-native/"
  React-CoreModules:
    :path: "../node_modules/react-native/React/CoreModules"
  React-cxxreact:
    :path: "../node_modules/react-native/ReactCommon/cxxreact"
  React-jsi:
    :path: "../node_modules/react-native/ReactCommon/jsi"
  React-jsiexecutor:
    :path: "../node_modules/react-native/ReactCommon/jsiexecutor"
  React-jsinspector:
    :path: "../node_modules/react-native/ReactCommon/jsinspector"
  React-logger:
    :path: "../node_modules/react-native/ReactCommon/logger"
  react-native-blur:
    :path: "../node_modules/@react-native-community/blur"
  react-native-safe-area-context:
    :path: "../node_modules/react-native-safe-area-context"
  React-perflogger:
    :path: "../node_modules/react-native/ReactCommon/reactperflogger"
  React-RCTActionSheet:
    :path: "../node_modules/react-native/Libraries/ActionSheetIOS"
  React-RCTAnimation:
    :path: "../node_modules/react-native/Libraries/NativeAnimation"
  React-RCTBlob:
    :path: "../node_modules/react-native/Libraries/Blob"
  React-RCTImage:
    :path: "../node_modules/react-native/Libraries/Image"
  React-RCTLinking:
    :path: "../node_modules/react-native/Libraries/LinkingIOS"
  React-RCTNetwork:
    :path: "../node_modules/react-native/Libraries/Network"
  React-RCTSettings:
    :path: "../node_modules/react-native/Libraries/Settings"
  React-RCTText:
    :path: "../node_modules/react-native/Libraries/Text"
  React-RCTVibration:
    :path: "../node_modules/react-native/Libraries/Vibration"
  React-runtimeexecutor:
    :path: "../node_modules/react-native/ReactCommon/runtimeexecutor"
  ReactCommon:
    :path: "../node_modules/react-native/ReactCommon"
  RNCMaskedView:
    :path: "../node_modules/@react-native-masked-view/masked-view"
  RNGestureHandler:
    :path: "../node_modules/react-native-gesture-handler"
  RNReanimated:
    :path: "../node_modules/react-native-reanimated"
  RNScreens:
    :path: "../node_modules/react-native-screens"
  RNStaticSafeAreaInsets:
    :path: "../node_modules/react-native-static-safe-area-insets"
  vision-camera-image-labeler:
    :path: "../node_modules/vision-camera-image-labeler"
  vision-camera-ocr:
    :path: "../node_modules/vision-camera-ocr"
  VisionCamera:
    :path: "../node_modules/react-native-vision-camera"
  Yoga:
    :path: "../node_modules/react-native/ReactCommon/yoga"

SPEC CHECKSUMS:
  boost: a7c83b31436843459a1961bfd74b96033dc77234
  CocoaAsyncSocket: 065fd1e645c7abab64f7a6a2007a48038fdc6a99
  DoubleConversion: 5189b271737e1565bdce30deb4a08d647e3f5f54
  FBLazyVector: 8a28262f61fbe40c04ce8677b8d835d97c18f1b3
  FBReactNativeSpec: b475991eb2d8da6a4ec32d09a8df31b0247fa87d
  Flipper: 26fc4b7382499f1281eb8cb921e5c3ad6de91fe0
  Flipper-Boost-iOSX: fd1e2b8cbef7e662a122412d7ac5f5bea715403c
  Flipper-DoubleConversion: 2dc99b02f658daf147069aad9dbd29d8feb06d30
  Flipper-Fmt: 60cbdd92fc254826e61d669a5d87ef7015396a9b
  Flipper-Folly: 584845625005ff068a6ebf41f857f468decd26b3
  Flipper-Glog: 70c50ce58ddaf67dc35180db05f191692570f446
  Flipper-PeerTalk: 116d8f857dc6ef55c7a5a75ea3ceaafe878aadc9
  Flipper-RSocket: d9d9ade67cbecf6ac10730304bf5607266dd2541
  FlipperKit: cbdee19bdd4e7f05472a66ce290f1b729ba3cb86
  fmt: ff9d55029c625d3757ed641535fd4a75fedc7ce9
  glog: 04b94705f318337d7ead9e6d17c019bd9b1f6b1b
  GoogleDataTransport: 1c8145da7117bd68bbbed00cf304edb6a24de00f
  GoogleMLKit: 85ffdc9641d05311c76dbba5bbf93059087be12f
  GoogleToolboxForMac: 8bef7c7c5cf7291c687cf5354f39f9db6399ad34
  GoogleUtilities: 1d20a6ad97ef46f67bbdec158ce00563a671ebb7
  GoogleUtilitiesComponents: 679b2c881db3b615a2777504623df6122dd20afe
  GTMSessionFetcher: 5595ec75acf5be50814f81e9189490412bad82ba
  libevent: 4049cae6c81cdb3654a443be001fb9bdceff7913
  MLImage: 647f3d580c10b3c9a3f6154f5d7baead60c42a0c
  MLKitCommon: 6d6be0a2e9a6340aad1c1f2b9449c11dee8af70f
  MLKitImageLabeling: fc44a4f90b1cf16bcb62c043d477c052ba7539ca
  MLKitImageLabelingCommon: fbe695a04fb236555e6b7e69e7def153a04324c1
  MLKitObjectDetectionCommon: 6abf300c61cd781ee3abc8abea8a3f8baca886dc
  MLKitTextRecognition: fd52b7b3cef00751c202475f5a147e9752130767
  MLKitVision: 26da299aef93291f24f5200e8372919f73abf3b5
  MLKitVisionKit: 226bac429eda1d84285409e31ce9da72606850fb
  nanopb: b552cce312b6c8484180ef47159bc0f65a1f0431
  OpenSSL-Universal: ebc357f1e6bc71fa463ccb2fe676756aff50e88c
  PromisesObjC: ab77feca74fa2823e7af4249b8326368e61014cb
  Protobuf: 02524ec14183fe08fb259741659e79683788158b
  RCT-Folly: 0080d0a6ebf2577475bda044aa59e2ca1f909cda
  RCTRequired: 49a2c4d4215580d8b24ed538ae01b6de20b43a76
  RCTTypeSafety: 55d538399fe8b51e5cd862e2ec2f9b135b07e783
  React: 413fd7d791365c2c5742b60493d3ab450ca1a210
  React-bridging: 8e577e404677d57daa0310db63e6a27328a57207
  React-callinvoker: d0ae2f0ea66bcf29a3e42a895428d2f01473d2ea
  React-Codegen: 273200ed3b02d35fd1755aebe0eb3319b037d950
  React-Core: f42a10403076c1114f8c50f063ddafc9eea92fff
  React-CoreModules: 1ed78c63dad96f40b123d4d4ca455e09ccd8aaed
  React-cxxreact: 7d30af80adb5fe6a97646a06540c19e61736aa15
  React-jsi: 9b2b4ac1642b72bffcd74550f0caa0926b3f8a4d
  React-jsiexecutor: 4a893fc8f683b91befcaf56c44ad8be4506b6828
  React-jsinspector: 1d5a9e84e419a57cabc23249aec3d837d1b03a80
  React-logger: f8071ad48248781d5afdb8a07f778758529d3019
  react-native-blur: 3e9c8e8e9f7d17fa1b94e1a0ae9fd816675f5382
  react-native-safe-area-context: 99b24a0c5acd0d5dcac2b1a7f18c49ea317be99a
  React-perflogger: 5e41b01b35d97cc1b0ea177181eb33b5c77623b6
  React-RCTActionSheet: 48949f30b24200c82f3dd27847513be34e06a3ae
  React-RCTAnimation: 96af42c97966fcd53ed9c31bee6f969c770312b6
  React-RCTBlob: 22aa326a2b34eea3299a2274ce93e102f8383ed9
  React-RCTImage: 1df0dbdb53609778f68830ccdd07ff3b40812837
  React-RCTLinking: eef4732d9102a10174115a727588d199711e376c
  React-RCTNetwork: 18716f00568ec203df2192d35f4a74d1d9b00675
  React-RCTSettings: 1dc8a5e5272cea1bad2f8d9b4e6bac91b846749b
  React-RCTText: 17652c6294903677fb3d754b5955ac293347782c
  React-RCTVibration: 0e247407238d3bd6b29d922d7b5de0404359431b
  React-runtimeexecutor: 5407e26b5aaafa9b01a08e33653255f8247e7c31
  ReactCommon: abf3605a56f98b91671d0d1327addc4ffb87af77
  RNCMaskedView: bc0170f389056201c82a55e242e5d90070e18e5a
  RNGestureHandler: 62232ba8f562f7dea5ba1b3383494eb5bf97a4d3
  RNReanimated: 2a91e85fcd343f8af3c58d3425b99fdd285590a5
  RNScreens: 34cc502acf1b916c582c60003dc3089fa01dc66d
  RNStaticSafeAreaInsets: 055ddbf5e476321720457cdaeec0ff2ba40ec1b8
  SocketRocket: fccef3f9c5cedea1353a9ef6ada904fde10d6608
  vision-camera-image-labeler: 44dc35bea2ce7a6967d1033e48a210500a50be7d
  vision-camera-ocr: 484b73b1917f608ff36d6c041b2e2a48dfd290e6
  VisionCamera: 4cfd685b1e671fea4aa0400905ab397f0e972210
  Yoga: 1f02ef4ce4469aefc36167138441b27d988282b1
  YogaKit: f782866e155069a2cca2517aafea43200b01fd5a

PODFILE CHECKSUM: f8a4d8d8fab4e4e59af7ac349375c72f9f0e7662

COCOAPODS: 1.11.3
